// !$*UTF8*$!
{
	archiveVersion = 1;
	classes = {
	};
	objectVersion = 56;
	objects = {

/* Begin PBXBuildFile section */
		A4B0BB2A2CBD484900632B3B /* XCLogParserLeakApp.swift in Sources */ = {isa = PBXBuildFile; fileRef = A4B0BB292CBD484900632B3B /* XCLogParserLeakApp.swift */; };
		A4B0BB2C2CBD484900632B3B /* ContentView.swift in Sources */ = {isa = PBXBuildFile; fileRef = A4B0BB2B2CBD484900632B3B /* ContentView.swift */; };
		A4B0BB2E2CBD484A00632B3B /* Assets.xcassets in Resources */ = {isa = PBXBuildFile; fileRef = A4B0BB2D2CBD484A00632B3B /* Assets.xcassets */; };
		A4B0BB312CBD484A00632B3B /* Preview Assets.xcassets in Resources */ = {isa = PBXBuildFile; fileRef = A4B0BB302CBD484A00632B3B /* Preview Assets.xcassets */; };
		A4B0BB3A2CBD488700632B3B /* XCLogParser in Frameworks */ = {isa = PBXBuildFile; productRef = A4B0BB392CBD488700632B3B /* XCLogParser */; };
/* End PBXBuildFile section */

/* Begin PBXFileReference section */
		A4B0BB262CBD484900632B3B /* XCLogParserLeak.app */ = {isa = PBXFileReference; explicitFileType = wrapper.application; includeInIndex = 0; path = XCLogParserLeak.app; sourceTree = BUILT_PRODUCTS_DIR; };
		A4B0BB292CBD484900632B3B /* XCLogParserLeakApp.swift */ = {isa = PBXFileReference; lastKnownFileType = sourcecode.swift; path = XCLogParserLeakApp.swift; sourceTree = "<group>"; };
		A4B0BB2B2CBD484900632B3B /* ContentView.swift */ = {isa = PBXFileReference; lastKnownFileType = sourcecode.swift; path = ContentView.swift; sourceTree = "<group>"; };
		A4B0BB2D2CBD484A00632B3B /* Assets.xcassets */ = {isa = PBXFileReference; lastKnownFileType = folder.assetcatalog; path = Assets.xcassets; sourceTree = "<group>"; };
		A4B0BB302CBD484A00632B3B /* Preview Assets.xcassets */ = {isa = PBXFileReference; lastKnownFileType = folder.assetcatalog; path = "Preview Assets.xcassets"; sourceTree = "<group>"; };
		A4B0BB322CBD484A00632B3B /* XCLogParserLeak.entitlements */ = {isa = PBXFileReference; lastKnownFileType = text.plist.entitlements; path = XCLogParserLeak.entitlements; sourceTree = "<group>"; };
		A4B0BB3B2CBD4E5200632B3B /* Info.plist */ = {isa = PBXFileReference; lastKnownFileType = text.plist; path = Info.plist; sourceTree = "<group>"; };
/* End PBXFileReference section */

/* Begin PBXFrameworksBuildPhase section */
		A4B0BB232CBD484900632B3B /* Frameworks */ = {
			isa = PBXFrameworksBuildPhase;
			buildActionMask = 2147483647;
			files = (
				A4B0BB3A2CBD488700632B3B /* XCLogParser in Frameworks */,
			);
			runOnlyForDeploymentPostprocessing = 0;
		};
/* End PBXFrameworksBuildPhase section */

/* Begin PBXGroup section */
		A4B0BB1D2CBD484900632B3B = {
			isa = PBXGroup;
			children = (
				A4B0BB282CBD484900632B3B /* XCLogParserLeak */,
				A4B0BB272CBD484900632B3B /* Products */,
			);
			sourceTree = "<group>";
		};
		A4B0BB272CBD484900632B3B /* Products */ = {
			isa = PBXGroup;
			children = (
				A4B0BB262CBD484900632B3B /* XCLogParserLeak.app */,
			);
			name = Products;
			sourceTree = "<group>";
		};
		A4B0BB282CBD484900632B3B /* XCLogParserLeak */ = {
			isa = PBXGroup;
			children = (
				A4B0BB3B2CBD4E5200632B3B /* Info.plist */,
				A4B0BB292CBD484900632B3B /* XCLogParserLeakApp.swift */,
				A4B0BB2B2CBD484900632B3B /* ContentView.swift */,
				A4B0BB2D2CBD484A00632B3B /* Assets.xcassets */,
				A4B0BB322CBD484A00632B3B /* XCLogParserLeak.entitlements */,
				A4B0BB2F2CBD484A00632B3B /* Preview Content */,
			);
			path = XCLogParserLeak;
			sourceTree = "<group>";
		};
		A4B0BB2F2CBD484A00632B3B /* Preview Content */ = {
			isa = PBXGroup;
			children = (
				A4B0BB302CBD484A00632B3B /* Preview Assets.xcassets */,
			);
			path = "Preview Content";
			sourceTree = "<group>";
		};
/* End PBXGroup section */

/* Begin PBXNativeTarget section */
		A4B0BB252CBD484900632B3B /* XCLogParserLeak */ = {
			isa = PBXNativeTarget;
			buildConfigurationList = A4B0BB352CBD484A00632B3B /* Build configuration list for PBXNativeTarget "XCLogParserLeak" */;
			buildPhases = (
				A4B0BB222CBD484900632B3B /* Sources */,
				A4B0BB232CBD484900632B3B /* Frameworks */,
				A4B0BB242CBD484900632B3B /* Resources */,
			);
			buildRules = (
			);
			dependencies = (
			);
			name = XCLogParserLeak;
			packageProductDependencies = (
				A4B0BB392CBD488700632B3B /* XCLogParser */,
			);
			productName = XCLogParserLeak;
			productReference = A4B0BB262CBD484900632B3B /* XCLogParserLeak.app */;
			productType = "com.apple.product-type.application";
		};
/* End PBXNativeTarget section */

/* Begin PBXProject section */
		A4B0BB1E2CBD484900632B3B /* Project object */ = {
			isa = PBXProject;
			attributes = {
				BuildIndependentTargetsInParallel = 1;
				LastSwiftUpdateCheck = 1540;
				LastUpgradeCheck = 1540;
				TargetAttributes = {
					A4B0BB252CBD484900632B3B = {
						CreatedOnToolsVersion = 15.4;
					};
				};
			};
			buildConfigurationList = A4B0BB212CBD484900632B3B /* Build configuration list for PBXProject "XCLogParserLeak" */;
			compatibilityVersion = "Xcode 14.0";
			developmentRegion = en;
			hasScannedForEncodings = 0;
			knownRegions = (
				en,
				Base,
			);
			mainGroup = A4B0BB1D2CBD484900632B3B;
			packageReferences = (
				A4B0BB382CBD488700632B3B /* XCRemoteSwiftPackageReference "XCLogParser" */,
			);
			productRefGroup = A4B0BB272CBD484900632B3B /* Products */;
			projectDirPath = "";
			projectRoot = "";
			targets = (
				A4B0BB252CBD484900632B3B /* XCLogParserLeak */,
			);
		};
/* End PBXProject section */

/* Begin PBXResourcesBuildPhase section */
		A4B0BB242CBD484900632B3B /* Resources */ = {
			isa = PBXResourcesBuildPhase;
			buildActionMask = 2147483647;
			files = (
				A4B0BB312CBD484A00632B3B /* Preview Assets.xcassets in Resources */,
				A4B0BB2E2CBD484A00632B3B /* Assets.xcassets in Resources */,
			);
			runOnlyForDeploymentPostprocessing = 0;
		};
/* End PBXResourcesBuildPhase section */

/* Begin PBXSourcesBuildPhase section */
		A4B0BB222CBD484900632B3B /* Sources */ = {
			isa = PBXSourcesBuildPhase;
			buildActionMask = 2147483647;
			files = (
				A4B0BB2C2CBD484900632B3B /* ContentView.swift in Sources */,
				A4B0BB2A2CBD484900632B3B /* XCLogParserLeakApp.swift in Sources */,
			);
			runOnlyForDeploymentPostprocessing = 0;
		};
/* End PBXSourcesBuildPhase section */

/* Begin XCBuildConfiguration section */
		A4B0BB332CBD484A00632B3B /* Debug */ = {
			isa = XCBuildConfiguration;
			buildSettings = {
				ALWAYS_SEARCH_USER_PATHS = NO;
				ASSETCATALOG_COMPILER_GENERATE_SWIFT_ASSET_SYMBOL_EXTENSIONS = YES;
				CLANG_ANALYZER_NONNULL = YES;
				CLANG_ANALYZER_NUMBER_OBJECT_CONVERSION = YES_AGGRESSIVE;
				CLANG_CXX_LANGUAGE_STANDARD = "gnu++20";
				CLANG_ENABLE_MODULES = YES;
				CLANG_ENABLE_OBJC_ARC = YES;
				CLANG_ENABLE_OBJC_WEAK = YES;
				CLANG_WARN_BLOCK_CAPTURE_AUTORELEASING = YES;
				CLANG_WARN_BOOL_CONVERSION = YES;
				CLANG_WARN_COMMA = YES;
				CLANG_WARN_CONSTANT_CONVERSION = YES;
				CLANG_WARN_DEPRECATED_OBJC_IMPLEMENTATIONS = YES;
				CLANG_WARN_DIRECT_OBJC_ISA_USAGE = YES_ERROR;
				CLANG_WARN_DOCUMENTATION_COMMENTS = YES;
				CLANG_WARN_EMPTY_BODY = YES;
				CLANG_WARN_ENUM_CONVERSION = YES;
				CLANG_WARN_INFINITE_RECURSION = YES;
				CLANG_WARN_INT_CONVERSION = YES;
				CLANG_WARN_NON_LITERAL_NULL_CONVERSION = YES;
				CLANG_WARN_OBJC_IMPLICIT_RETAIN_SELF = YES;
				CLANG_WARN_OBJC_LITERAL_CONVERSION = YES;
				CLANG_WARN_OBJC_ROOT_CLASS = YES_ERROR;
				CLANG_WARN_QUOTED_INCLUDE_IN_FRAMEWORK_HEADER = YES;
				CLANG_WARN_RANGE_LOOP_ANALYSIS = YES;
				CLANG_WARN_STRICT_PROTOTYPES = YES;
				CLANG_WARN_SUSPICIOUS_MOVE = YES;
				CLANG_WARN_UNGUARDED_AVAILABILITY = YES_AGGRESSIVE;
				CLANG_WARN_UNREACHABLE_CODE = YES;
				CLANG_WARN__DUPLICATE_METHOD_MATCH = YES;
				COPY_PHASE_STRIP = NO;
				DEBUG_INFORMATION_FORMAT = dwarf;
				ENABLE_STRICT_OBJC_MSGSEND = YES;
				ENABLE_TESTABILITY = YES;
				ENABLE_USER_SCRIPT_SANDBOXING = YES;
				GCC_C_LANGUAGE_STANDARD = gnu17;
				GCC_DYNAMIC_NO_PIC = NO;
				GCC_NO_COMMON_BLOCKS = YES;
				GCC_OPTIMIZATION_LEVEL = 0;
				GCC_PREPROCESSOR_DEFINITIONS = (
					"DEBUG=1",
					"$(inherited)",
				);
				GCC_WARN_64_TO_32_BIT_CONVERSION = YES;
				GCC_WARN_ABOUT_RETURN_TYPE = YES_ERROR;
				GCC_WARN_UNDECLARED_SELECTOR = YES;
				GCC_WARN_UNINITIALIZED_AUTOS = YES_AGGRESSIVE;
				GCC_WARN_UNUSED_FUNCTION = YES;
				GCC_WARN_UNUSED_VARIABLE = YES;
				LOCALIZATION_PREFERS_STRING_CATALOGS = YES;
				MACOSX_DEPLOYMENT_TARGET = 14.5;
				MTL_ENABLE_DEBUG_INFO = INCLUDE_SOURCE;
				MTL_FAST_MATH = YES;
				ONLY_ACTIVE_ARCH = YES;
				SDKROOT = macosx;
				SWIFT_ACTIVE_COMPILATION_CONDITIONS = "DEBUG $(inherited)";
				SWIFT_OPTIMIZATION_LEVEL = "-Onone";
			};
			name = Debug;
		};
		A4B0BB342CBD484A00632B3B /* Release */ = {
			isa = XCBuildConfiguration;
			buildSettings = {
				ALWAYS_SEARCH_USER_PATHS = NO;
				ASSETCATALOG_COMPILER_GENERATE_SWIFT_ASSET_SYMBOL_EXTENSIONS = YES;
				CLANG_ANALYZER_NONNULL = YES;
				CLANG_ANALYZER_NUMBER_OBJECT_CONVERSION = YES_AGGRESSIVE;
				CLANG_CXX_LANGUAGE_STANDARD = "gnu++20";
				CLANG_ENABLE_MODULES = YES;
				CLANG_ENABLE_OBJC_ARC = YES;
				CLANG_ENABLE_OBJC_WEAK = YES;
				CLANG_WARN_BLOCK_CAPTURE_AUTORELEASING = YES;
				CLANG_WARN_BOOL_CONVERSION = YES;
				CLANG_WARN_COMMA = YES;
				CLANG_WARN_CONSTANT_CONVERSION = YES;
				CLANG_WARN_DEPRECATED_OBJC_IMPLEMENTATIONS = YES;
				CLANG_WARN_DIRECT_OBJC_ISA_USAGE = YES_ERROR;
				CLANG_WARN_DOCUMENTATION_COMMENTS = YES;
				CLANG_WARN_EMPTY_BODY = YES;
				CLANG_WARN_ENUM_CONVERSION = YES;
				CLANG_WARN_INFINITE_RECURSION = YES;
				CLANG_WARN_INT_CONVERSION = YES;
				CLANG_WARN_NON_LITERAL_NULL_CONVERSION = YES;
				CLANG_WARN_OBJC_IMPLICIT_RETAIN_SELF = YES;
				CLANG_WARN_OBJC_LITERAL_CONVERSION = YES;
				CLANG_WARN_OBJC_ROOT_CLASS = YES_ERROR;
				CLANG_WARN_QUOTED_INCLUDE_IN_FRAMEWORK_HEADER = YES;
				CLANG_WARN_RANGE_LOOP_ANALYSIS = YES;
				CLANG_WARN_STRICT_PROTOTYPES = YES;
				CLANG_WARN_SUSPICIOUS_MOVE = YES;
				CLANG_WARN_UNGUARDED_AVAILABILITY = YES_AGGRESSIVE;
				CLANG_WARN_UNREACHABLE_CODE = YES;
				CLANG_WARN__DUPLICATE_METHOD_MATCH = YES;
				COPY_PHASE_STRIP = NO;
				DEBUG_INFORMATION_FORMAT = "dwarf-with-dsym";
				ENABLE_NS_ASSERTIONS = NO;
				ENABLE_STRICT_OBJC_MSGSEND = YES;
				ENABLE_USER_SCRIPT_SANDBOXING = YES;
				GCC_C_LANGUAGE_STANDARD = gnu17;
				GCC_NO_COMMON_BLOCKS = YES;
				GCC_WARN_64_TO_32_BIT_CONVERSION = YES;
				GCC_WARN_ABOUT_RETURN_TYPE = YES_ERROR;
				GCC_WARN_UNDECLARED_SELECTOR = YES;
				GCC_WARN_UNINITIALIZED_AUTOS = YES_AGGRESSIVE;
				GCC_WARN_UNUSED_FUNCTION = YES;
				GCC_WARN_UNUSED_VARIABLE = YES;
				LOCALIZATION_PREFERS_STRING_CATALOGS = YES;
				MACOSX_DEPLOYMENT_TARGET = 14.5;
				MTL_ENABLE_DEBUG_INFO = NO;
				MTL_FAST_MATH = YES;
				SDKROOT = macosx;
				SWIFT_COMPILATION_MODE = wholemodule;
			};
			name = Release;
		};
		A4B0BB362CBD484A00632B3B /* Debug */ = {
			isa = XCBuildConfiguration;
			buildSettings = {
				ASSETCATALOG_COMPILER_APPICON_NAME = AppIcon;
				ASSETCATALOG_COMPILER_GLOBAL_ACCENT_COLOR_NAME = AccentColor;
				CODE_SIGN_ENTITLEMENTS = XCLogParserLeak/XCLogParserLeak.entitlements;
				CODE_SIGN_STYLE = Automatic;
				COMBINE_HIDPI_IMAGES = YES;
				CURRENT_PROJECT_VERSION = 1;
				DEVELOPMENT_ASSET_PATHS = "\"XCLogParserLeak/Preview Content\"";
				ENABLE_PREVIEWS = YES;
				GENERATE_INFOPLIST_FILE = YES;
				INFOPLIST_FILE = XCLogParserLeak/Info.plist;
				INFOPLIST_KEY_NSHumanReadableCopyright = "";
				LD_RUNPATH_SEARCH_PATHS = (
					"$(inherited)",
					"@executable_path/../Frameworks",
				);
				MARKETING_VERSION = 1.0;
				PRODUCT_BUNDLE_IDENTIFIER = com.jrramos.XCLogParserLeak;
				PRODUCT_NAME = "$(TARGET_NAME)";
				SWIFT_EMIT_LOC_STRINGS = YES;
				SWIFT_VERSION = 5.0;
			};
			name = Debug;
		};
		A4B0BB372CBD484A00632B3B /* Release */ = {
			isa = XCBuildConfiguration;
			buildSettings = {
				ASSETCATALOG_COMPILER_APPICON_NAME = AppIcon;
				ASSETCATALOG_COMPILER_GLOBAL_ACCENT_COLOR_NAME = AccentColor;
				CODE_SIGN_ENTITLEMENTS = XCLogParserLeak/XCLogParserLeak.entitlements;
				CODE_SIGN_STYLE = Automatic;
				COMBINE_HIDPI_IMAGES = YES;
				CURRENT_PROJECT_VERSION = 1;
				DEVELOPMENT_ASSET_PATHS = "\"XCLogParserLeak/Preview Content\"";
				ENABLE_PREVIEWS = YES;
				GENERATE_INFOPLIST_FILE = YES;
				INFOPLIST_FILE = XCLogParserLeak/Info.plist;
				INFOPLIST_KEY_NSHumanReadableCopyright = "";
				LD_RUNPATH_SEARCH_PATHS = (
					"$(inherited)",
					"@executable_path/../Frameworks",
				);
				MARKETING_VERSION = 1.0;
				PRODUCT_BUNDLE_IDENTIFIER = com.jrramos.XCLogParserLeak;
				PRODUCT_NAME = "$(TARGET_NAME)";
				SWIFT_EMIT_LOC_STRINGS = YES;
				SWIFT_VERSION = 5.0;
			};
			name = Release;
		};
/* End XCBuildConfiguration section */

/* Begin XCConfigurationList section */
		A4B0BB212CBD484900632B3B /* Build configuration list for PBXProject "XCLogParserLeak" */ = {
			isa = XCConfigurationList;
			buildConfigurations = (
				A4B0BB332CBD484A00632B3B /* Debug */,
				A4B0BB342CBD484A00632B3B /* Release */,
			);
			defaultConfigurationIsVisible = 0;
			defaultConfigurationName = Release;
		};
		A4B0BB352CBD484A00632B3B /* Build configuration list for PBXNativeTarget "XCLogParserLeak" */ = {
			isa = XCConfigurationList;
			buildConfigurations = (
				A4B0BB362CBD484A00632B3B /* Debug */,
				A4B0BB372CBD484A00632B3B /* Release */,
			);
			defaultConfigurationIsVisible = 0;
			defaultConfigurationName = Release;
		};
/* End XCConfigurationList section */

/* Begin XCRemoteSwiftPackageReference section */
		A4B0BB382CBD488700632B3B /* XCRemoteSwiftPackageReference "XCLogParser" */ = {
			isa = XCRemoteSwiftPackageReference;
			repositoryURL = "https://github.com/MobileNativeFoundation/XCLogParser.git";
			requirement = {
				kind = exactVersion;
				version = 0.2.39;
			};
		};
/* End XCRemoteSwiftPackageReference section */

/* Begin XCSwiftPackageProductDependency section */
		A4B0BB392CBD488700632B3B /* XCLogParser */ = {
			isa = XCSwiftPackageProductDependency;
			package = A4B0BB382CBD488700632B3B /* XCRemoteSwiftPackageReference "XCLogParser" */;
			productName = XCLogParser;
		};
/* End XCSwiftPackageProductDependency section */
	};
	rootObject = A4B0BB1E2CBD484900632B3B /* Project object */;
}
